
Microsoft Visual Studio Solution File, Format Version 12.00
# Visual Studio 15
VisualStudioVersion = 15.0.27130.2024
MinimumVisualStudioVersion = 10.0.40219.1
Project("{FAE04EC0-301F-11D3-BF4B-00C04F79EFBC}") = "GroupProject8", "GroupProject8\GroupProject8.csproj", "{3ADB0039-1EEB-4056-9DF3-4318574CAFDD}"
EndProject
Global
	GlobalSection(SolutionConfigurationPlatforms) = preSolution
		Debug|Any CPU = Debug|Any CPU
		Release|Any CPU = Release|Any CPU
	EndGlobalSection
	GlobalSection(ProjectConfigurationPlatforms) = postSolution
		{3ADB0039-1EEB-4056-9DF3-4318574CAFDD}.Debug|Any CPU.ActiveCfg = Debug|Any CPU
		{3ADB0039-1EEB-4056-9DF3-4318574CAFDD}.Debug|Any CPU.Build.0 = Debug|Any CPU
		{3ADB0039-1EEB-4056-9DF3-4318574CAFDD}.Release|Any CPU.ActiveCfg = Release|Any CPU
		{3ADB0039-1EEB-4056-9DF3-4318574CAFDD}.Release|Any CPU.Build.0 = Release|Any CPU
	EndGlobalSection
	GlobalSection(SolutionProperties) = preSolution
		HideSolutionNode = FALSE
	EndGlobalSection
	GlobalSection(ExtensibilityGlobals) = postSolution
		SolutionGuid = {AB7520CE-0F7B-4548-BEF6-23A87E618697}
	EndGlobalSection
EndGlobal
